
Microsoft Visual Studio Solution File, Format Version 12.00
# Visual Studio Version 17
VisualStudioVersion = 17.7.34221.43
MinimumVisualStudioVersion = 10.0.40219.1
Project("{FAE04EC0-301F-11D3-BF4B-00C04F79EFBC}") = "ConsoleApp1", "ConsoleApp1\ConsoleApp1.csproj", "{51C23E17-A59D-4DA3-8E26-97D17F6F7CF7}"
EndProject
Global
	GlobalSection(SolutionConfigurationPlatforms) = preSolution
		Debug|Any CPU = Debug|Any CPU
		Release|Any CPU = Release|Any CPU
	EndGlobalSection
	GlobalSection(ProjectConfigurationPlatforms) = postSolution
		{51C23E17-A59D-4DA3-8E26-97D17F6F7CF7}.Debug|Any CPU.ActiveCfg = Debug|Any CPU
		{51C23E17-A59D-4DA3-8E26-97D17F6F7CF7}.Debug|Any CPU.Build.0 = Debug|Any CPU
		{51C23E17-A59D-4DA3-8E26-97D17F6F7CF7}.Release|Any CPU.ActiveCfg = Release|Any CPU
		{51C23E17-A59D-4DA3-8E26-97D17F6F7CF7}.Release|Any CPU.Build.0 = Release|Any CPU
	EndGlobalSection
	GlobalSection(SolutionProperties) = preSolution
		HideSolutionNode = FALSE
	EndGlobalSection
	GlobalSection(ExtensibilityGlobals) = postSolution
		SolutionGuid = {61A863BA-B882-4F71-83C0-BD15E1CE5082}
	EndGlobalSection
EndGlobal
